
Microsoft Visual Studio Solution File, Format Version 12.00
# Visual Studio 15
VisualStudioVersion = 15.0.28010.2003
MinimumVisualStudioVersion = 10.0.40219.1
Project("{9A19103F-16F7-4668-BE54-9A1E7A4F7556}") = "SevSharks.Gateway.WebApi", "SevSharks.Gateway.WebApi\SevSharks.Gateway.WebApi.csproj", "{DF831C8A-A4F0-40B1-80B4-12781B62AE75}"
EndProject
Project("{9A19103F-16F7-4668-BE54-9A1E7A4F7556}") = "SevSharks.Gateway.WebApi.UnitTests", "SevSharks.Gateway.WebApi.UnitTests\SevSharks.Gateway.WebApi.UnitTests.csproj", "{37D46F8B-F01A-4508-BDF9-89D58491960E}"
EndProject
Global
	GlobalSection(SolutionConfigurationPlatforms) = preSolution
		Debug|Any CPU = Debug|Any CPU
		Release|Any CPU = Release|Any CPU
	EndGlobalSection
	GlobalSection(ProjectConfigurationPlatforms) = postSolution
		{DF831C8A-A4F0-40B1-80B4-12781B62AE75}.Debug|Any CPU.ActiveCfg = Debug|Any CPU
		{DF831C8A-A4F0-40B1-80B4-12781B62AE75}.Debug|Any CPU.Build.0 = Debug|Any CPU
		{DF831C8A-A4F0-40B1-80B4-12781B62AE75}.Release|Any CPU.ActiveCfg = Release|Any CPU
		{DF831C8A-A4F0-40B1-80B4-12781B62AE75}.Release|Any CPU.Build.0 = Release|Any CPU
		{37D46F8B-F01A-4508-BDF9-89D58491960E}.Debug|Any CPU.ActiveCfg = Debug|Any CPU
		{37D46F8B-F01A-4508-BDF9-89D58491960E}.Debug|Any CPU.Build.0 = Debug|Any CPU
		{37D46F8B-F01A-4508-BDF9-89D58491960E}.Release|Any CPU.ActiveCfg = Release|Any CPU
		{37D46F8B-F01A-4508-BDF9-89D58491960E}.Release|Any CPU.Build.0 = Release|Any CPU
	EndGlobalSection
	GlobalSection(SolutionProperties) = preSolution
		HideSolutionNode = FALSE
	EndGlobalSection
	GlobalSection(ExtensibilityGlobals) = postSolution
		SolutionGuid = {458BD66D-86F1-4CF6-916E-797101A6B581}
	EndGlobalSection
EndGlobal
